# This file is automatically @generated by Poetry 1.4.2 and should not be changed by hand.

[[package]]
name = "ffmpeg"
version = "1.4"
description = "ffmpeg python package url [https://github.com/jiashaokun/ffmpeg]"
category = "main"
optional = false
python-versions = "*"
files = [
    {file = "ffmpeg-1.4.tar.gz", hash = "sha256:6931692c890ff21d39938433c2189747815dca0c60ddc7f9bb97f199dba0b5b9"},
]

[[package]]
name = "youtube-dl"
version = "2021.12.17"
description = "YouTube video downloader"
category = "main"
optional = false
python-versions = "*"
files = [
    {file = "youtube_dl-2021.12.17-py2.py3-none-any.whl", hash = "sha256:f1336d5de68647e0364a47b3c0712578e59ec76f02048ff5c50ef1c69d79cd55"},
    {file = "youtube_dl-2021.12.17.tar.gz", hash = "sha256:bc59e86c5d15d887ac590454511f08ce2c47698d5a82c27bfe27b5d814bbaed2"},
]

[metadata]
lock-version = "2.0"
python-versions = "^3.10"
content-hash = "6202ecb397a0d761750fa885078ab915578ddefc028844008127058ef21dffbc"
